{
  "name": "fauna-seeder",
  "version": "1.0.0",
  "lockfileVersion": 1,
  "requires": true,
  "dependencies": {
    "dotenv": {
      "version": "8.2.0",
      "resolved": "https://registry.npmjs.org/dotenv/-/dotenv-8.2.0.tgz",
      "integrity": "sha512-8sJ78ElpbDJBHNeBzUbUVLsqKdccaa/BXF1uPTw3GrvQTBgrQrtObr2mUrE38vzYd8cEv+m/JBfDLioYcfXoaw=="
    },
    "simple-icons": {
      "version": "3.3.0",
      "resolved": "https://registry.npmjs.org/simple-icons/-/simple-icons-3.3.0.tgz",
      "integrity": "sha512-Ian40Pk0D2t0HgjanUX5RydaviREuYJ4qNZd7iukCKwl6J1WSV5JB6u0tahRWMg8GdjbQSXGRWAvooPuX45dlw=="
    }
  }
}
